// !$*UTF8*$!
{
	archiveVersion = 1;
	classes = {
	};
	objectVersion = 56;
	objects = {

/* Begin PBXBuildFile section */
		933A722D2A7A9F56003079DC /* YouTubeView.swift in Sources */ = {isa = PBXBuildFile; fileRef = 933A722C2A7A9F56003079DC /* YouTubeView.swift */; };
		933A72302A7AA269003079DC /* AreaEnum.swift in Sources */ = {isa = PBXBuildFile; fileRef = 933A722F2A7AA269003079DC /* AreaEnum.swift */; };
		933A72342A7BC3DB003079DC /* RemoteDataSourceTests.swift in Sources */ = {isa = PBXBuildFile; fileRef = 933A72332A7BC3DB003079DC /* RemoteDataSourceTests.swift */; };
		933A72382A7BC4FC003079DC /* URLProtocolMock.swift in Sources */ = {isa = PBXBuildFile; fileRef = 933A72372A7BC4FC003079DC /* URLProtocolMock.swift */; };
		933A723A2A7C2073003079DC /* NetworkFetchingProtocol.swift in Sources */ = {isa = PBXBuildFile; fileRef = 933A72392A7C2073003079DC /* NetworkFetchingProtocol.swift */; };
		933A723C2A7C21A6003079DC /* NetworkFetchingMock.swift in Sources */ = {isa = PBXBuildFile; fileRef = 933A723B2A7C21A6003079DC /* NetworkFetchingMock.swift */; };
		933A72402A7D1B9D003079DC /* URLSessionExtension.swift in Sources */ = {isa = PBXBuildFile; fileRef = 933A723F2A7D1B9D003079DC /* URLSessionExtension.swift */; };
		9343A6782A78450C0021E66D /* TheMealPrepAppApp.swift in Sources */ = {isa = PBXBuildFile; fileRef = 9343A6772A78450C0021E66D /* TheMealPrepAppApp.swift */; };
		9343A67C2A78450C0021E66D /* Assets.xcassets in Resources */ = {isa = PBXBuildFile; fileRef = 9343A67B2A78450C0021E66D /* Assets.xcassets */; };
		9343A67F2A78450C0021E66D /* Preview Assets.xcassets in Resources */ = {isa = PBXBuildFile; fileRef = 9343A67E2A78450C0021E66D /* Preview Assets.xcassets */; };
		9343A6892A78450D0021E66D /* TheMealPrepAppTests.swift in Sources */ = {isa = PBXBuildFile; fileRef = 9343A6882A78450D0021E66D /* TheMealPrepAppTests.swift */; };
		9343A6932A78450D0021E66D /* TheMealPrepAppUITests.swift in Sources */ = {isa = PBXBuildFile; fileRef = 9343A6922A78450D0021E66D /* TheMealPrepAppUITests.swift */; };
		9343A6952A78450D0021E66D /* TheMealPrepAppUITestsLaunchTests.swift in Sources */ = {isa = PBXBuildFile; fileRef = 9343A6942A78450D0021E66D /* TheMealPrepAppUITestsLaunchTests.swift */; };
		9343A6A82A7845BF0021E66D /* HomeView.swift in Sources */ = {isa = PBXBuildFile; fileRef = 9343A6A72A7845BF0021E66D /* HomeView.swift */; };
		9343A6AE2A784C8F0021E66D /* Meal.swift in Sources */ = {isa = PBXBuildFile; fileRef = 9343A6AD2A784C8F0021E66D /* Meal.swift */; };
		9343A6C22A794A5E0021E66D /* RootViewModel.swift in Sources */ = {isa = PBXBuildFile; fileRef = 9343A6C12A794A5E0021E66D /* RootViewModel.swift */; };
		9343A6C42A794AE80021E66D /* RootView.swift in Sources */ = {isa = PBXBuildFile; fileRef = 9343A6C32A794AE80021E66D /* RootView.swift */; };
		9343A6C62A794C090021E66D /* ListView.swift in Sources */ = {isa = PBXBuildFile; fileRef = 9343A6C52A794C090021E66D /* ListView.swift */; };
		9343A6C82A794CF20021E66D /* RemoteDataSourceProtocol.swift in Sources */ = {isa = PBXBuildFile; fileRef = 9343A6C72A794CF20021E66D /* RemoteDataSourceProtocol.swift */; };
		9343A6CA2A794CFB0021E66D /* RepositoryProtocol.swift in Sources */ = {isa = PBXBuildFile; fileRef = 9343A6C92A794CFB0021E66D /* RepositoryProtocol.swift */; };
		9343A6CC2A794F580021E66D /* RemoteDataSourceImpl.swift in Sources */ = {isa = PBXBuildFile; fileRef = 9343A6CB2A794F580021E66D /* RemoteDataSourceImpl.swift */; };
		9343A6CE2A7958920021E66D /* RepositoryImpl.swift in Sources */ = {isa = PBXBuildFile; fileRef = 9343A6CD2A7958920021E66D /* RepositoryImpl.swift */; };
		9343A6D02A79A0300021E66D /* MealsResponse.swift in Sources */ = {isa = PBXBuildFile; fileRef = 9343A6CF2A79A0300021E66D /* MealsResponse.swift */; };
		9343A6D52A7A39F80021E66D /* ListCellView.swift in Sources */ = {isa = PBXBuildFile; fileRef = 9343A6D42A7A39F80021E66D /* ListCellView.swift */; };
		9343A6D92A7A3ABB0021E66D /* ListViewModel.swift in Sources */ = {isa = PBXBuildFile; fileRef = 9343A6D82A7A3ABB0021E66D /* ListViewModel.swift */; };
		9343A6DB2A7A4C1A0021E66D /* MealDetailView.swift in Sources */ = {isa = PBXBuildFile; fileRef = 9343A6DA2A7A4C1A0021E66D /* MealDetailView.swift */; };
/* End PBXBuildFile section */

/* Begin PBXContainerItemProxy section */
		9343A6852A78450D0021E66D /* PBXContainerItemProxy */ = {
			isa = PBXContainerItemProxy;
			containerPortal = 9343A66C2A78450B0021E66D /* Project object */;
			proxyType = 1;
			remoteGlobalIDString = 9343A6732A78450B0021E66D;
			remoteInfo = TheMealPrepApp;
		};
		9343A68F2A78450D0021E66D /* PBXContainerItemProxy */ = {
			isa = PBXContainerItemProxy;
			containerPortal = 9343A66C2A78450B0021E66D /* Project object */;
			proxyType = 1;
			remoteGlobalIDString = 9343A6732A78450B0021E66D;
			remoteInfo = TheMealPrepApp;
		};
/* End PBXContainerItemProxy section */

/* Begin PBXFileReference section */
		933A722C2A7A9F56003079DC /* YouTubeView.swift */ = {isa = PBXFileReference; lastKnownFileType = sourcecode.swift; path = YouTubeView.swift; sourceTree = "<group>"; };
		933A722F2A7AA269003079DC /* AreaEnum.swift */ = {isa = PBXFileReference; lastKnownFileType = sourcecode.swift; path = AreaEnum.swift; sourceTree = "<group>"; };
		933A72332A7BC3DB003079DC /* RemoteDataSourceTests.swift */ = {isa = PBXFileReference; lastKnownFileType = sourcecode.swift; path = RemoteDataSourceTests.swift; sourceTree = "<group>"; };
		933A72372A7BC4FC003079DC /* URLProtocolMock.swift */ = {isa = PBXFileReference; lastKnownFileType = sourcecode.swift; path = URLProtocolMock.swift; sourceTree = "<group>"; };
		933A72392A7C2073003079DC /* NetworkFetchingProtocol.swift */ = {isa = PBXFileReference; lastKnownFileType = sourcecode.swift; path = NetworkFetchingProtocol.swift; sourceTree = "<group>"; };
		933A723B2A7C21A6003079DC /* NetworkFetchingMock.swift */ = {isa = PBXFileReference; lastKnownFileType = sourcecode.swift; path = NetworkFetchingMock.swift; sourceTree = "<group>"; };
		933A723F2A7D1B9D003079DC /* URLSessionExtension.swift */ = {isa = PBXFileReference; lastKnownFileType = sourcecode.swift; path = URLSessionExtension.swift; sourceTree = "<group>"; };
		9343A6742A78450C0021E66D /* TheMealPrepApp.app */ = {isa = PBXFileReference; explicitFileType = wrapper.application; includeInIndex = 0; path = TheMealPrepApp.app; sourceTree = BUILT_PRODUCTS_DIR; };
		9343A6772A78450C0021E66D /* TheMealPrepAppApp.swift */ = {isa = PBXFileReference; lastKnownFileType = sourcecode.swift; path = TheMealPrepAppApp.swift; sourceTree = "<group>"; };
		9343A67B2A78450C0021E66D /* Assets.xcassets */ = {isa = PBXFileReference; lastKnownFileType = folder.assetcatalog; path = Assets.xcassets; sourceTree = "<group>"; };
		9343A67E2A78450C0021E66D /* Preview Assets.xcassets */ = {isa = PBXFileReference; lastKnownFileType = folder.assetcatalog; path = "Preview Assets.xcassets"; sourceTree = "<group>"; };
		9343A6842A78450D0021E66D /* TheMealPrepAppTests.xctest */ = {isa = PBXFileReference; explicitFileType = wrapper.cfbundle; includeInIndex = 0; path = TheMealPrepAppTests.xctest; sourceTree = BUILT_PRODUCTS_DIR; };
		9343A6882A78450D0021E66D /* TheMealPrepAppTests.swift */ = {isa = PBXFileReference; lastKnownFileType = sourcecode.swift; path = TheMealPrepAppTests.swift; sourceTree = "<group>"; };
		9343A68E2A78450D0021E66D /* TheMealPrepAppUITests.xctest */ = {isa = PBXFileReference; explicitFileType = wrapper.cfbundle; includeInIndex = 0; path = TheMealPrepAppUITests.xctest; sourceTree = BUILT_PRODUCTS_DIR; };
		9343A6922A78450D0021E66D /* TheMealPrepAppUITests.swift */ = {isa = PBXFileReference; lastKnownFileType = sourcecode.swift; path = TheMealPrepAppUITests.swift; sourceTree = "<group>"; };
		9343A6942A78450D0021E66D /* TheMealPrepAppUITestsLaunchTests.swift */ = {isa = PBXFileReference; lastKnownFileType = sourcecode.swift; path = TheMealPrepAppUITestsLaunchTests.swift; sourceTree = "<group>"; };
		9343A6A72A7845BF0021E66D /* HomeView.swift */ = {isa = PBXFileReference; lastKnownFileType = sourcecode.swift; path = HomeView.swift; sourceTree = "<group>"; };
		9343A6AD2A784C8F0021E66D /* Meal.swift */ = {isa = PBXFileReference; lastKnownFileType = sourcecode.swift; path = Meal.swift; sourceTree = "<group>"; };
		9343A6C12A794A5E0021E66D /* RootViewModel.swift */ = {isa = PBXFileReference; lastKnownFileType = sourcecode.swift; path = RootViewModel.swift; sourceTree = "<group>"; };
		9343A6C32A794AE80021E66D /* RootView.swift */ = {isa = PBXFileReference; lastKnownFileType = sourcecode.swift; path = RootView.swift; sourceTree = "<group>"; };
		9343A6C52A794C090021E66D /* ListView.swift */ = {isa = PBXFileReference; lastKnownFileType = sourcecode.swift; path = ListView.swift; sourceTree = "<group>"; wrapsLines = 1; };
		9343A6C72A794CF20021E66D /* RemoteDataSourceProtocol.swift */ = {isa = PBXFileReference; lastKnownFileType = sourcecode.swift; path = RemoteDataSourceProtocol.swift; sourceTree = "<group>"; };
		9343A6C92A794CFB0021E66D /* RepositoryProtocol.swift */ = {isa = PBXFileReference; lastKnownFileType = sourcecode.swift; path = RepositoryProtocol.swift; sourceTree = "<group>"; };
		9343A6CB2A794F580021E66D /* RemoteDataSourceImpl.swift */ = {isa = PBXFileReference; lastKnownFileType = sourcecode.swift; path = RemoteDataSourceImpl.swift; sourceTree = "<group>"; };
		9343A6CD2A7958920021E66D /* RepositoryImpl.swift */ = {isa = PBXFileReference; lastKnownFileType = sourcecode.swift; path = RepositoryImpl.swift; sourceTree = "<group>"; };
		9343A6CF2A79A0300021E66D /* MealsResponse.swift */ = {isa = PBXFileReference; lastKnownFileType = sourcecode.swift; path = MealsResponse.swift; sourceTree = "<group>"; };
		9343A6D42A7A39F80021E66D /* ListCellView.swift */ = {isa = PBXFileReference; lastKnownFileType = sourcecode.swift; path = ListCellView.swift; sourceTree = "<group>"; usesTabs = 0; };
		9343A6D82A7A3ABB0021E66D /* ListViewModel.swift */ = {isa = PBXFileReference; lastKnownFileType = sourcecode.swift; path = ListViewModel.swift; sourceTree = "<group>"; };
		9343A6DA2A7A4C1A0021E66D /* MealDetailView.swift */ = {isa = PBXFileReference; lastKnownFileType = sourcecode.swift; path = MealDetailView.swift; sourceTree = "<group>"; };
/* End PBXFileReference section */

/* Begin PBXFrameworksBuildPhase section */
		9343A6712A78450B0021E66D /* Frameworks */ = {
			isa = PBXFrameworksBuildPhase;
			buildActionMask = 2147483647;
			files = (
			);
			runOnlyForDeploymentPostprocessing = 0;
		};
		9343A6812A78450D0021E66D /* Frameworks */ = {
			isa = PBXFrameworksBuildPhase;
			buildActionMask = 2147483647;
			files = (
			);
			runOnlyForDeploymentPostprocessing = 0;
		};
		9343A68B2A78450D0021E66D /* Frameworks */ = {
			isa = PBXFrameworksBuildPhase;
			buildActionMask = 2147483647;
			files = (
			);
			runOnlyForDeploymentPostprocessing = 0;
		};
/* End PBXFrameworksBuildPhase section */

/* Begin PBXGroup section */
		933A722B2A7A9F41003079DC /* Utils */ = {
			isa = PBXGroup;
			children = (
				933A722C2A7A9F56003079DC /* YouTubeView.swift */,
			);
			path = Utils;
			sourceTree = "<group>";
		};
		933A722E2A7AA259003079DC /* Enums */ = {
			isa = PBXGroup;
			children = (
				933A722F2A7AA269003079DC /* AreaEnum.swift */,
			);
			path = Enums;
			sourceTree = "<group>";
		};
		933A72312A7BC38D003079DC /* Suts */ = {
			isa = PBXGroup;
			children = (
				933A72332A7BC3DB003079DC /* RemoteDataSourceTests.swift */,
			);
			path = Suts;
			sourceTree = "<group>";
		};
		933A72322A7BC392003079DC /* Mocks */ = {
			isa = PBXGroup;
			children = (
				933A72372A7BC4FC003079DC /* URLProtocolMock.swift */,
				933A723B2A7C21A6003079DC /* NetworkFetchingMock.swift */,
			);
			path = Mocks;
			sourceTree = "<group>";
		};
		933A723D2A7D1B70003079DC /* Utils */ = {
			isa = PBXGroup;
			children = (
				933A723E2A7D1B74003079DC /* Extensions */,
			);
			path = Utils;
			sourceTree = "<group>";
		};
		933A723E2A7D1B74003079DC /* Extensions */ = {
			isa = PBXGroup;
			children = (
				933A723F2A7D1B9D003079DC /* URLSessionExtension.swift */,
			);
			path = Extensions;
			sourceTree = "<group>";
		};
		9343A66B2A78450B0021E66D = {
			isa = PBXGroup;
			children = (
				9343A6762A78450C0021E66D /* TheMealPrepApp */,
				9343A6872A78450D0021E66D /* TheMealPrepAppTests */,
				9343A6912A78450D0021E66D /* TheMealPrepAppUITests */,
				9343A6752A78450C0021E66D /* Products */,
			);
			sourceTree = "<group>";
		};
		9343A6752A78450C0021E66D /* Products */ = {
			isa = PBXGroup;
			children = (
				9343A6742A78450C0021E66D /* TheMealPrepApp.app */,
				9343A6842A78450D0021E66D /* TheMealPrepAppTests.xctest */,
				9343A68E2A78450D0021E66D /* TheMealPrepAppUITests.xctest */,
			);
			name = Products;
			sourceTree = "<group>";
		};
		9343A6762A78450C0021E66D /* TheMealPrepApp */ = {
			isa = PBXGroup;
			children = (
				9343A6BB2A79455F0021E66D /* App */,
				9343A6AF2A784D300021E66D /* Data */,
				9343A6AC2A784C7A0021E66D /* Domain */,
				9343A6A12A7845540021E66D /* Presentation */,
			);
			path = TheMealPrepApp;
			sourceTree = "<group>";
		};
		9343A67D2A78450C0021E66D /* Preview Content */ = {
			isa = PBXGroup;
			children = (
				9343A67E2A78450C0021E66D /* Preview Assets.xcassets */,
			);
			path = "Preview Content";
			sourceTree = "<group>";
		};
		9343A6872A78450D0021E66D /* TheMealPrepAppTests */ = {
			isa = PBXGroup;
			children = (
				933A72322A7BC392003079DC /* Mocks */,
				933A72312A7BC38D003079DC /* Suts */,
				9343A6882A78450D0021E66D /* TheMealPrepAppTests.swift */,
			);
			path = TheMealPrepAppTests;
			sourceTree = "<group>";
		};
		9343A6912A78450D0021E66D /* TheMealPrepAppUITests */ = {
			isa = PBXGroup;
			children = (
				9343A6922A78450D0021E66D /* TheMealPrepAppUITests.swift */,
				9343A6942A78450D0021E66D /* TheMealPrepAppUITestsLaunchTests.swift */,
			);
			path = TheMealPrepAppUITests;
			sourceTree = "<group>";
		};
		9343A6A12A7845540021E66D /* Presentation */ = {
			isa = PBXGroup;
			children = (
				933A722B2A7A9F41003079DC /* Utils */,
				9343A6BC2A7945880021E66D /* Root */,
				9343A6C02A7946500021E66D /* Detail */,
				9343A6BF2A7946490021E66D /* List */,
				9343A6A22A7845610021E66D /* Home */,
			);
			path = Presentation;
			sourceTree = "<group>";
		};
		9343A6A22A7845610021E66D /* Home */ = {
			isa = PBXGroup;
			children = (
				9343A6A72A7845BF0021E66D /* HomeView.swift */,
			);
			path = Home;
			sourceTree = "<group>";
		};
		9343A6AB2A784C6F0021E66D /* Models */ = {
			isa = PBXGroup;
			children = (
				9343A6AD2A784C8F0021E66D /* Meal.swift */,
				9343A6CF2A79A0300021E66D /* MealsResponse.swift */,
			);
			path = Models;
			sourceTree = "<group>";
		};
		9343A6AC2A784C7A0021E66D /* Domain */ = {
			isa = PBXGroup;
			children = (
				933A723D2A7D1B70003079DC /* Utils */,
				933A722E2A7AA259003079DC /* Enums */,
				9343A6BD2A7945B40021E66D /* Protocols */,
				9343A6AB2A784C6F0021E66D /* Models */,
			);
			path = Domain;
			sourceTree = "<group>";
		};
		9343A6AF2A784D300021E66D /* Data */ = {
			isa = PBXGroup;
			children = (
				9343A6BE2A7946280021E66D /* Repository */,
				9343A6B02A784D350021E66D /* Remote */,
			);
			path = Data;
			sourceTree = "<group>";
		};
		9343A6B02A784D350021E66D /* Remote */ = {
			isa = PBXGroup;
			children = (
				9343A6CB2A794F580021E66D /* RemoteDataSourceImpl.swift */,
			);
			path = Remote;
			sourceTree = "<group>";
		};
		9343A6BB2A79455F0021E66D /* App */ = {
			isa = PBXGroup;
			children = (
				9343A6772A78450C0021E66D /* TheMealPrepAppApp.swift */,
				9343A67B2A78450C0021E66D /* Assets.xcassets */,
				9343A67D2A78450C0021E66D /* Preview Content */,
			);
			path = App;
			sourceTree = "<group>";
		};
		9343A6BC2A7945880021E66D /* Root */ = {
			isa = PBXGroup;
			children = (
				9343A6C12A794A5E0021E66D /* RootViewModel.swift */,
				9343A6C32A794AE80021E66D /* RootView.swift */,
			);
			path = Root;
			sourceTree = "<group>";
		};
		9343A6BD2A7945B40021E66D /* Protocols */ = {
			isa = PBXGroup;
			children = (
				9343A6C72A794CF20021E66D /* RemoteDataSourceProtocol.swift */,
				9343A6C92A794CFB0021E66D /* RepositoryProtocol.swift */,
				933A72392A7C2073003079DC /* NetworkFetchingProtocol.swift */,
			);
			path = Protocols;
			sourceTree = "<group>";
		};
		9343A6BE2A7946280021E66D /* Repository */ = {
			isa = PBXGroup;
			children = (
				9343A6CD2A7958920021E66D /* RepositoryImpl.swift */,
			);
			path = Repository;
			sourceTree = "<group>";
		};
		9343A6BF2A7946490021E66D /* List */ = {
			isa = PBXGroup;
			children = (
				9343A6D32A7A39E40021E66D /* ListCell */,
				9343A6C52A794C090021E66D /* ListView.swift */,
				9343A6D82A7A3ABB0021E66D /* ListViewModel.swift */,
			);
			path = List;
			sourceTree = "<group>";
		};
		9343A6C02A7946500021E66D /* Detail */ = {
			isa = PBXGroup;
			children = (
				9343A6DA2A7A4C1A0021E66D /* MealDetailView.swift */,
			);
			path = Detail;
			sourceTree = "<group>";
		};
		9343A6D32A7A39E40021E66D /* ListCell */ = {
			isa = PBXGroup;
			children = (
				9343A6D42A7A39F80021E66D /* ListCellView.swift */,
			);
			path = ListCell;
			sourceTree = "<group>";
		};
/* End PBXGroup section */

/* Begin PBXNativeTarget section */
		9343A6732A78450B0021E66D /* TheMealPrepApp */ = {
			isa = PBXNativeTarget;
			buildConfigurationList = 9343A6982A78450D0021E66D /* Build configuration list for PBXNativeTarget "TheMealPrepApp" */;
			buildPhases = (
				9343A6702A78450B0021E66D /* Sources */,
				9343A6712A78450B0021E66D /* Frameworks */,
				9343A6722A78450B0021E66D /* Resources */,
			);
			buildRules = (
			);
			dependencies = (
			);
			name = TheMealPrepApp;
			productName = TheMealPrepApp;
			productReference = 9343A6742A78450C0021E66D /* TheMealPrepApp.app */;
			productType = "com.apple.product-type.application";
		};
		9343A6832A78450D0021E66D /* TheMealPrepAppTests */ = {
			isa = PBXNativeTarget;
			buildConfigurationList = 9343A69B2A78450D0021E66D /* Build configuration list for PBXNativeTarget "TheMealPrepAppTests" */;
			buildPhases = (
				9343A6802A78450D0021E66D /* Sources */,
				9343A6812A78450D0021E66D /* Frameworks */,
				9343A6822A78450D0021E66D /* Resources */,
			);
			buildRules = (
			);
			dependencies = (
				9343A6862A78450D0021E66D /* PBXTargetDependency */,
			);
			name = TheMealPrepAppTests;
			productName = TheMealPrepAppTests;
			productReference = 9343A6842A78450D0021E66D /* TheMealPrepAppTests.xctest */;
			productType = "com.apple.product-type.bundle.unit-test";
		};
		9343A68D2A78450D0021E66D /* TheMealPrepAppUITests */ = {
			isa = PBXNativeTarget;
			buildConfigurationList = 9343A69E2A78450D0021E66D /* Build configuration list for PBXNativeTarget "TheMealPrepAppUITests" */;
			buildPhases = (
				9343A68A2A78450D0021E66D /* Sources */,
				9343A68B2A78450D0021E66D /* Frameworks */,
				9343A68C2A78450D0021E66D /* Resources */,
			);
			buildRules = (
			);
			dependencies = (
				9343A6902A78450D0021E66D /* PBXTargetDependency */,
			);
			name = TheMealPrepAppUITests;
			productName = TheMealPrepAppUITests;
			productReference = 9343A68E2A78450D0021E66D /* TheMealPrepAppUITests.xctest */;
			productType = "com.apple.product-type.bundle.ui-testing";
		};
/* End PBXNativeTarget section */

/* Begin PBXProject section */
		9343A66C2A78450B0021E66D /* Project object */ = {
			isa = PBXProject;
			attributes = {
				BuildIndependentTargetsInParallel = 1;
				LastSwiftUpdateCheck = 1430;
				LastUpgradeCheck = 1430;
				TargetAttributes = {
					9343A6732A78450B0021E66D = {
						CreatedOnToolsVersion = 14.3.1;
					};
					9343A6832A78450D0021E66D = {
						CreatedOnToolsVersion = 14.3.1;
						TestTargetID = 9343A6732A78450B0021E66D;
					};
					9343A68D2A78450D0021E66D = {
						CreatedOnToolsVersion = 14.3.1;
						TestTargetID = 9343A6732A78450B0021E66D;
					};
				};
			};
			buildConfigurationList = 9343A66F2A78450B0021E66D /* Build configuration list for PBXProject "TheMealPrepApp" */;
			compatibilityVersion = "Xcode 14.0";
			developmentRegion = en;
			hasScannedForEncodings = 0;
			knownRegions = (
				en,
				Base,
			);
			mainGroup = 9343A66B2A78450B0021E66D;
			productRefGroup = 9343A6752A78450C0021E66D /* Products */;
			projectDirPath = "";
			projectRoot = "";
			targets = (
				9343A6732A78450B0021E66D /* TheMealPrepApp */,
				9343A6832A78450D0021E66D /* TheMealPrepAppTests */,
				9343A68D2A78450D0021E66D /* TheMealPrepAppUITests */,
			);
		};
/* End PBXProject section */

/* Begin PBXResourcesBuildPhase section */
		9343A6722A78450B0021E66D /* Resources */ = {
			isa = PBXResourcesBuildPhase;
			buildActionMask = 2147483647;
			files = (
				9343A67F2A78450C0021E66D /* Preview Assets.xcassets in Resources */,
				9343A67C2A78450C0021E66D /* Assets.xcassets in Resources */,
			);
			runOnlyForDeploymentPostprocessing = 0;
		};
		9343A6822A78450D0021E66D /* Resources */ = {
			isa = PBXResourcesBuildPhase;
			buildActionMask = 2147483647;
			files = (
			);
			runOnlyForDeploymentPostprocessing = 0;
		};
		9343A68C2A78450D0021E66D /* Resources */ = {
			isa = PBXResourcesBuildPhase;
			buildActionMask = 2147483647;
			files = (
			);
			runOnlyForDeploymentPostprocessing = 0;
		};
/* End PBXResourcesBuildPhase section */

/* Begin PBXSourcesBuildPhase section */
		9343A6702A78450B0021E66D /* Sources */ = {
			isa = PBXSourcesBuildPhase;
			buildActionMask = 2147483647;
			files = (
				9343A6C22A794A5E0021E66D /* RootViewModel.swift in Sources */,
				9343A6AE2A784C8F0021E66D /* Meal.swift in Sources */,
				9343A6C82A794CF20021E66D /* RemoteDataSourceProtocol.swift in Sources */,
				9343A6D52A7A39F80021E66D /* ListCellView.swift in Sources */,
				9343A6DB2A7A4C1A0021E66D /* MealDetailView.swift in Sources */,
				9343A6C62A794C090021E66D /* ListView.swift in Sources */,
				9343A6C42A794AE80021E66D /* RootView.swift in Sources */,
				933A72302A7AA269003079DC /* AreaEnum.swift in Sources */,
				9343A6CA2A794CFB0021E66D /* RepositoryProtocol.swift in Sources */,
				9343A6A82A7845BF0021E66D /* HomeView.swift in Sources */,
				9343A6D02A79A0300021E66D /* MealsResponse.swift in Sources */,
				9343A6D92A7A3ABB0021E66D /* ListViewModel.swift in Sources */,
				933A722D2A7A9F56003079DC /* YouTubeView.swift in Sources */,
				933A723A2A7C2073003079DC /* NetworkFetchingProtocol.swift in Sources */,
				933A72402A7D1B9D003079DC /* URLSessionExtension.swift in Sources */,
				9343A6782A78450C0021E66D /* TheMealPrepAppApp.swift in Sources */,
				9343A6CC2A794F580021E66D /* RemoteDataSourceImpl.swift in Sources */,
				9343A6CE2A7958920021E66D /* RepositoryImpl.swift in Sources */,
			);
			runOnlyForDeploymentPostprocessing = 0;
		};
		9343A6802A78450D0021E66D /* Sources */ = {
			isa = PBXSourcesBuildPhase;
			buildActionMask = 2147483647;
			files = (
				933A723C2A7C21A6003079DC /* NetworkFetchingMock.swift in Sources */,
				933A72342A7BC3DB003079DC /* RemoteDataSourceTests.swift in Sources */,
				933A72382A7BC4FC003079DC /* URLProtocolMock.swift in Sources */,
				9343A6892A78450D0021E66D /* TheMealPrepAppTests.swift in Sources */,
			);
			runOnlyForDeploymentPostprocessing = 0;
		};
		9343A68A2A78450D0021E66D /* Sources */ = {
			isa = PBXSourcesBuildPhase;
			buildActionMask = 2147483647;
			files = (
				9343A6952A78450D0021E66D /* TheMealPrepAppUITestsLaunchTests.swift in Sources */,
				9343A6932A78450D0021E66D /* TheMealPrepAppUITests.swift in Sources */,
			);
			runOnlyForDeploymentPostprocessing = 0;
		};
/* End PBXSourcesBuildPhase section */

/* Begin PBXTargetDependency section */
		9343A6862A78450D0021E66D /* PBXTargetDependency */ = {
			isa = PBXTargetDependency;
			target = 9343A6732A78450B0021E66D /* TheMealPrepApp */;
			targetProxy = 9343A6852A78450D0021E66D /* PBXContainerItemProxy */;
		};
		9343A6902A78450D0021E66D /* PBXTargetDependency */ = {
			isa = PBXTargetDependency;
			target = 9343A6732A78450B0021E66D /* TheMealPrepApp */;
			targetProxy = 9343A68F2A78450D0021E66D /* PBXContainerItemProxy */;
		};
/* End PBXTargetDependency section */

/* Begin XCBuildConfiguration section */
		9343A6962A78450D0021E66D /* Debug */ = {
			isa = XCBuildConfiguration;
			buildSettings = {
				ALWAYS_SEARCH_USER_PATHS = NO;
				CLANG_ANALYZER_NONNULL = YES;
				CLANG_ANALYZER_NUMBER_OBJECT_CONVERSION = YES_AGGRESSIVE;
				CLANG_CXX_LANGUAGE_STANDARD = "gnu++20";
				CLANG_ENABLE_MODULES = YES;
				CLANG_ENABLE_OBJC_ARC = YES;
				CLANG_ENABLE_OBJC_WEAK = YES;
				CLANG_WARN_BLOCK_CAPTURE_AUTORELEASING = YES;
				CLANG_WARN_BOOL_CONVERSION = YES;
				CLANG_WARN_COMMA = YES;
				CLANG_WARN_CONSTANT_CONVERSION = YES;
				CLANG_WARN_DEPRECATED_OBJC_IMPLEMENTATIONS = YES;
				CLANG_WARN_DIRECT_OBJC_ISA_USAGE = YES_ERROR;
				CLANG_WARN_DOCUMENTATION_COMMENTS = YES;
				CLANG_WARN_EMPTY_BODY = YES;
				CLANG_WARN_ENUM_CONVERSION = YES;
				CLANG_WARN_INFINITE_RECURSION = YES;
				CLANG_WARN_INT_CONVERSION = YES;
				CLANG_WARN_NON_LITERAL_NULL_CONVERSION = YES;
				CLANG_WARN_OBJC_IMPLICIT_RETAIN_SELF = YES;
				CLANG_WARN_OBJC_LITERAL_CONVERSION = YES;
				CLANG_WARN_OBJC_ROOT_CLASS = YES_ERROR;
				CLANG_WARN_QUOTED_INCLUDE_IN_FRAMEWORK_HEADER = YES;
				CLANG_WARN_RANGE_LOOP_ANALYSIS = YES;
				CLANG_WARN_STRICT_PROTOTYPES = YES;
				CLANG_WARN_SUSPICIOUS_MOVE = YES;
				CLANG_WARN_UNGUARDED_AVAILABILITY = YES_AGGRESSIVE;
				CLANG_WARN_UNREACHABLE_CODE = YES;
				CLANG_WARN__DUPLICATE_METHOD_MATCH = YES;
				COPY_PHASE_STRIP = NO;
				DEBUG_INFORMATION_FORMAT = dwarf;
				ENABLE_STRICT_OBJC_MSGSEND = YES;
				ENABLE_TESTABILITY = YES;
				GCC_C_LANGUAGE_STANDARD = gnu11;
				GCC_DYNAMIC_NO_PIC = NO;
				GCC_NO_COMMON_BLOCKS = YES;
				GCC_OPTIMIZATION_LEVEL = 0;
				GCC_PREPROCESSOR_DEFINITIONS = (
					"DEBUG=1",
					"$(inherited)",
				);
				GCC_WARN_64_TO_32_BIT_CONVERSION = YES;
				GCC_WARN_ABOUT_RETURN_TYPE = YES_ERROR;
				GCC_WARN_UNDECLARED_SELECTOR = YES;
				GCC_WARN_UNINITIALIZED_AUTOS = YES_AGGRESSIVE;
				GCC_WARN_UNUSED_FUNCTION = YES;
				GCC_WARN_UNUSED_VARIABLE = YES;
				IPHONEOS_DEPLOYMENT_TARGET = 16.4;
				MTL_ENABLE_DEBUG_INFO = INCLUDE_SOURCE;
				MTL_FAST_MATH = YES;
				ONLY_ACTIVE_ARCH = YES;
				SDKROOT = iphoneos;
				SWIFT_ACTIVE_COMPILATION_CONDITIONS = DEBUG;
				SWIFT_OPTIMIZATION_LEVEL = "-Onone";
			};
			name = Debug;
		};
		9343A6972A78450D0021E66D /* Release */ = {
			isa = XCBuildConfiguration;
			buildSettings = {
				ALWAYS_SEARCH_USER_PATHS = NO;
				CLANG_ANALYZER_NONNULL = YES;
				CLANG_ANALYZER_NUMBER_OBJECT_CONVERSION = YES_AGGRESSIVE;
				CLANG_CXX_LANGUAGE_STANDARD = "gnu++20";
				CLANG_ENABLE_MODULES = YES;
				CLANG_ENABLE_OBJC_ARC = YES;
				CLANG_ENABLE_OBJC_WEAK = YES;
				CLANG_WARN_BLOCK_CAPTURE_AUTORELEASING = YES;
				CLANG_WARN_BOOL_CONVERSION = YES;
				CLANG_WARN_COMMA = YES;
				CLANG_WARN_CONSTANT_CONVERSION = YES;
				CLANG_WARN_DEPRECATED_OBJC_IMPLEMENTATIONS = YES;
				CLANG_WARN_DIRECT_OBJC_ISA_USAGE = YES_ERROR;
				CLANG_WARN_DOCUMENTATION_COMMENTS = YES;
				CLANG_WARN_EMPTY_BODY = YES;
				CLANG_WARN_ENUM_CONVERSION = YES;
				CLANG_WARN_INFINITE_RECURSION = YES;
				CLANG_WARN_INT_CONVERSION = YES;
				CLANG_WARN_NON_LITERAL_NULL_CONVERSION = YES;
				CLANG_WARN_OBJC_IMPLICIT_RETAIN_SELF = YES;
				CLANG_WARN_OBJC_LITERAL_CONVERSION = YES;
				CLANG_WARN_OBJC_ROOT_CLASS = YES_ERROR;
				CLANG_WARN_QUOTED_INCLUDE_IN_FRAMEWORK_HEADER = YES;
				CLANG_WARN_RANGE_LOOP_ANALYSIS = YES;
				CLANG_WARN_STRICT_PROTOTYPES = YES;
				CLANG_WARN_SUSPICIOUS_MOVE = YES;
				CLANG_WARN_UNGUARDED_AVAILABILITY = YES_AGGRESSIVE;
				CLANG_WARN_UNREACHABLE_CODE = YES;
				CLANG_WARN__DUPLICATE_METHOD_MATCH = YES;
				COPY_PHASE_STRIP = NO;
				DEBUG_INFORMATION_FORMAT = "dwarf-with-dsym";
				ENABLE_NS_ASSERTIONS = NO;
				ENABLE_STRICT_OBJC_MSGSEND = YES;
				GCC_C_LANGUAGE_STANDARD = gnu11;
				GCC_NO_COMMON_BLOCKS = YES;
				GCC_WARN_64_TO_32_BIT_CONVERSION = YES;
				GCC_WARN_ABOUT_RETURN_TYPE = YES_ERROR;
				GCC_WARN_UNDECLARED_SELECTOR = YES;
				GCC_WARN_UNINITIALIZED_AUTOS = YES_AGGRESSIVE;
				GCC_WARN_UNUSED_FUNCTION = YES;
				GCC_WARN_UNUSED_VARIABLE = YES;
				IPHONEOS_DEPLOYMENT_TARGET = 16.4;
				MTL_ENABLE_DEBUG_INFO = NO;
				MTL_FAST_MATH = YES;
				SDKROOT = iphoneos;
				SWIFT_COMPILATION_MODE = wholemodule;
				SWIFT_OPTIMIZATION_LEVEL = "-O";
				VALIDATE_PRODUCT = YES;
			};
			name = Release;
		};
		9343A6992A78450D0021E66D /* Debug */ = {
			isa = XCBuildConfiguration;
			buildSettings = {
				ASSETCATALOG_COMPILER_APPICON_NAME = AppIcon;
				ASSETCATALOG_COMPILER_GLOBAL_ACCENT_COLOR_NAME = AccentColor;
				CODE_SIGN_STYLE = Automatic;
				CURRENT_PROJECT_VERSION = 1;
				DEVELOPMENT_ASSET_PATHS = "\"TheMealPrepApp/App/Preview Content\"";
				DEVELOPMENT_TEAM = THCAP933JL;
				ENABLE_PREVIEWS = YES;
				GENERATE_INFOPLIST_FILE = YES;
				INFOPLIST_KEY_UIApplicationSceneManifest_Generation = YES;
				INFOPLIST_KEY_UIApplicationSupportsIndirectInputEvents = YES;
				INFOPLIST_KEY_UILaunchScreen_Generation = YES;
				INFOPLIST_KEY_UISupportedInterfaceOrientations_iPad = "UIInterfaceOrientationPortrait UIInterfaceOrientationPortraitUpsideDown UIInterfaceOrientationLandscapeLeft UIInterfaceOrientationLandscapeRight";
				INFOPLIST_KEY_UISupportedInterfaceOrientations_iPhone = "UIInterfaceOrientationPortrait UIInterfaceOrientationLandscapeLeft UIInterfaceOrientationLandscapeRight";
				LD_RUNPATH_SEARCH_PATHS = (
					"$(inherited)",
					"@executable_path/Frameworks",
				);
				MARKETING_VERSION = 1.0;
				PRODUCT_BUNDLE_IDENTIFIER = com.laurapascual.TheMealPrepApp;
				PRODUCT_NAME = "$(TARGET_NAME)";
				SWIFT_EMIT_LOC_STRINGS = YES;
				SWIFT_VERSION = 5.0;
				TARGETED_DEVICE_FAMILY = "1,2";
			};
			name = Debug;
		};
		9343A69A2A78450D0021E66D /* Release */ = {
			isa = XCBuildConfiguration;
			buildSettings = {
				ASSETCATALOG_COMPILER_APPICON_NAME = AppIcon;
				ASSETCATALOG_COMPILER_GLOBAL_ACCENT_COLOR_NAME = AccentColor;
				CODE_SIGN_STYLE = Automatic;
				CURRENT_PROJECT_VERSION = 1;
				DEVELOPMENT_ASSET_PATHS = "\"TheMealPrepApp/App/Preview Content\"";
				DEVELOPMENT_TEAM = THCAP933JL;
				ENABLE_PREVIEWS = YES;
				GENERATE_INFOPLIST_FILE = YES;
				INFOPLIST_KEY_UIApplicationSceneManifest_Generation = YES;
				INFOPLIST_KEY_UIApplicationSupportsIndirectInputEvents = YES;
				INFOPLIST_KEY_UILaunchScreen_Generation = YES;
				INFOPLIST_KEY_UISupportedInterfaceOrientations_iPad = "UIInterfaceOrientationPortrait UIInterfaceOrientationPortraitUpsideDown UIInterfaceOrientationLandscapeLeft UIInterfaceOrientationLandscapeRight";
				INFOPLIST_KEY_UISupportedInterfaceOrientations_iPhone = "UIInterfaceOrientationPortrait UIInterfaceOrientationLandscapeLeft UIInterfaceOrientationLandscapeRight";
				LD_RUNPATH_SEARCH_PATHS = (
					"$(inherited)",
					"@executable_path/Frameworks",
				);
				MARKETING_VERSION = 1.0;
				PRODUCT_BUNDLE_IDENTIFIER = com.laurapascual.TheMealPrepApp;
				PRODUCT_NAME = "$(TARGET_NAME)";
				SWIFT_EMIT_LOC_STRINGS = YES;
				SWIFT_VERSION = 5.0;
				TARGETED_DEVICE_FAMILY = "1,2";
			};
			name = Release;
		};
		9343A69C2A78450D0021E66D /* Debug */ = {
			isa = XCBuildConfiguration;
			buildSettings = {
				ALWAYS_EMBED_SWIFT_STANDARD_LIBRARIES = YES;
				BUNDLE_LOADER = "$(TEST_HOST)";
				CODE_SIGN_STYLE = Automatic;
				CURRENT_PROJECT_VERSION = 1;
				DEVELOPMENT_TEAM = THCAP933JL;
				GENERATE_INFOPLIST_FILE = YES;
				IPHONEOS_DEPLOYMENT_TARGET = 16.4;
				MARKETING_VERSION = 1.0;
				PRODUCT_BUNDLE_IDENTIFIER = com.laurapascual.TheMealPrepAppTests;
				PRODUCT_NAME = "$(TARGET_NAME)";
				SWIFT_EMIT_LOC_STRINGS = NO;
				SWIFT_VERSION = 5.0;
				TARGETED_DEVICE_FAMILY = "1,2";
				TEST_HOST = "$(BUILT_PRODUCTS_DIR)/TheMealPrepApp.app/$(BUNDLE_EXECUTABLE_FOLDER_PATH)/TheMealPrepApp";
			};
			name = Debug;
		};
		9343A69D2A78450D0021E66D /* Release */ = {
			isa = XCBuildConfiguration;
			buildSettings = {
				ALWAYS_EMBED_SWIFT_STANDARD_LIBRARIES = YES;
				BUNDLE_LOADER = "$(TEST_HOST)";
				CODE_SIGN_STYLE = Automatic;
				CURRENT_PROJECT_VERSION = 1;
				DEVELOPMENT_TEAM = THCAP933JL;
				GENERATE_INFOPLIST_FILE = YES;
				IPHONEOS_DEPLOYMENT_TARGET = 16.4;
				MARKETING_VERSION = 1.0;
				PRODUCT_BUNDLE_IDENTIFIER = com.laurapascual.TheMealPrepAppTests;
				PRODUCT_NAME = "$(TARGET_NAME)";
				SWIFT_EMIT_LOC_STRINGS = NO;
				SWIFT_VERSION = 5.0;
				TARGETED_DEVICE_FAMILY = "1,2";
				TEST_HOST = "$(BUILT_PRODUCTS_DIR)/TheMealPrepApp.app/$(BUNDLE_EXECUTABLE_FOLDER_PATH)/TheMealPrepApp";
			};
			name = Release;
		};
		9343A69F2A78450D0021E66D /* Debug */ = {
			isa = XCBuildConfiguration;
			buildSettings = {
				ALWAYS_EMBED_SWIFT_STANDARD_LIBRARIES = YES;
				CODE_SIGN_STYLE = Automatic;
				CURRENT_PROJECT_VERSION = 1;
				DEVELOPMENT_TEAM = THCAP933JL;
				GENERATE_INFOPLIST_FILE = YES;
				MARKETING_VERSION = 1.0;
				PRODUCT_BUNDLE_IDENTIFIER = com.laurapascual.TheMealPrepAppUITests;
				PRODUCT_NAME = "$(TARGET_NAME)";
				SWIFT_EMIT_LOC_STRINGS = NO;
				SWIFT_VERSION = 5.0;
				TARGETED_DEVICE_FAMILY = "1,2";
				TEST_TARGET_NAME = TheMealPrepApp;
			};
			name = Debug;
		};
		9343A6A02A78450D0021E66D /* Release */ = {
			isa = XCBuildConfiguration;
			buildSettings = {
				ALWAYS_EMBED_SWIFT_STANDARD_LIBRARIES = YES;
				CODE_SIGN_STYLE = Automatic;
				CURRENT_PROJECT_VERSION = 1;
				DEVELOPMENT_TEAM = THCAP933JL;
				GENERATE_INFOPLIST_FILE = YES;
				MARKETING_VERSION = 1.0;
				PRODUCT_BUNDLE_IDENTIFIER = com.laurapascual.TheMealPrepAppUITests;
				PRODUCT_NAME = "$(TARGET_NAME)";
				SWIFT_EMIT_LOC_STRINGS = NO;
				SWIFT_VERSION = 5.0;
				TARGETED_DEVICE_FAMILY = "1,2";
				TEST_TARGET_NAME = TheMealPrepApp;
			};
			name = Release;
		};
/* End XCBuildConfiguration section */

/* Begin XCConfigurationList section */
		9343A66F2A78450B0021E66D /* Build configuration list for PBXProject "TheMealPrepApp" */ = {
			isa = XCConfigurationList;
			buildConfigurations = (
				9343A6962A78450D0021E66D /* Debug */,
				9343A6972A78450D0021E66D /* Release */,
			);
			defaultConfigurationIsVisible = 0;
			defaultConfigurationName = Release;
		};
		9343A6982A78450D0021E66D /* Build configuration list for PBXNativeTarget "TheMealPrepApp" */ = {
			isa = XCConfigurationList;
			buildConfigurations = (
				9343A6992A78450D0021E66D /* Debug */,
				9343A69A2A78450D0021E66D /* Release */,
			);
			defaultConfigurationIsVisible = 0;
			defaultConfigurationName = Release;
		};
		9343A69B2A78450D0021E66D /* Build configuration list for PBXNativeTarget "TheMealPrepAppTests" */ = {
			isa = XCConfigurationList;
			buildConfigurations = (
				9343A69C2A78450D0021E66D /* Debug */,
				9343A69D2A78450D0021E66D /* Release */,
			);
			defaultConfigurationIsVisible = 0;
			defaultConfigurationName = Release;
		};
		9343A69E2A78450D0021E66D /* Build configuration list for PBXNativeTarget "TheMealPrepAppUITests" */ = {
			isa = XCConfigurationList;
			buildConfigurations = (
				9343A69F2A78450D0021E66D /* Debug */,
				9343A6A02A78450D0021E66D /* Release */,
			);
			defaultConfigurationIsVisible = 0;
			defaultConfigurationName = Release;
		};
/* End XCConfigurationList section */
	};
	rootObject = 9343A66C2A78450B0021E66D /* Project object */;
}
